<?xml version="1.0" encoding="utf-8"?>
<Project ToolsVersion="4.0" xmlns="http://schemas.microsoft.com/developer/msbuild/2003">
  <ItemGroup>
    <Filter Include="Server">
      <UniqueIdentifier>{20b361c9-b1a9-4f43-9588-a758cfd21d57}</UniqueIdentifier>
    </Filter>
  </ItemGroup>
  <ItemGroup>
    <ClInclude Include="Server\ChattingProcess.h">
      <Filter>Server</Filter>
    </ClInclude>
    <ClInclude Include="Server\UserManager.h">
      <Filter>Server</Filter>
    </ClInclude>
    <ClInclude Include="Server\User.h">
      <Filter>Server</Filter>
    </ClInclude>
    <ClInclude Include="targetver.h" />
    <ClInclude Include="stdafx.h" />
  </ItemGroup>
  <ItemGroup>
    <ClCompile Include="Server\ChattingProcess.cpp">
      <Filter>Server</Filter>
    </ClCompile>
    <ClCompile Include="ChattingServer.cpp" />
    <ClCompile Include="stdafx.cpp" />
  </ItemGroup>
  <ItemGroup>
    <Xml Include="config.xml" />
  </ItemGroup>
</Project>